
Microsoft Visual Studio Solution File, Format Version 12.00
# Visual Studio Version 17
VisualStudioVersion = 17.8.34227.203
MinimumVisualStudioVersion = 10.0.40219.1
Project("{2150E333-8FDC-42A3-9474-1A3956D46DE8}") = "3. Fundamentals", "3. Fundamentals", "{69091825-21EA-496D-8EF1-BCB47C30B2C9}"
EndProject
Project("{2150E333-8FDC-42A3-9474-1A3956D46DE8}") = "src", "src", "{2573FBC1-D630-48B3-B616-EAF14B5427A9}"
EndProject
Project("{2150E333-8FDC-42A3-9474-1A3956D46DE8}") = "tests", "tests", "{C1659B18-2A21-469F-AAE9-071154F7262E}"
EndProject
Project("{9A19103F-16F7-4668-BE54-9A1E7A4F7556}") = "Customers.Api", "Customers.Api\Customers.Api.csproj", "{509AAE70-A020-475A-B60F-B48F3C0AD31A}"
EndProject
Project("{9A19103F-16F7-4668-BE54-9A1E7A4F7556}") = "Customers.Api.Tests.Integration", "..\tests\Customers.Api.Tests.Integration\Customers.Api.Tests.Integration.csproj", "{BB99AD7C-7329-4BEE-9FC4-DF100E7CC835}"
EndProject
Project("{9A19103F-16F7-4668-BE54-9A1E7A4F7556}") = "FakeApi", "..\tests\FakeApi\FakeApi.csproj", "{59185009-AFD0-4E81-803B-7C8B65F3CF9B}"
EndProject
Project("{9A19103F-16F7-4668-BE54-9A1E7A4F7556}") = "Customers.WebApp", "Customers.WebApp\Customers.WebApp.csproj", "{44414689-0FEF-4350-BDCD-8937C8DA4C71}"
EndProject
Project("{FAE04EC0-301F-11D3-BF4B-00C04F79EFBC}") = "Customers.WebApp.Tests.Integration", "..\tests\Customers.WebApp.Tests.Integration\Customers.WebApp.Tests.Integration.csproj", "{7F532980-8BDB-4BAB-BEB0-D4405D1317A9}"
EndProject
Global
	GlobalSection(SolutionConfigurationPlatforms) = preSolution
		Debug|Any CPU = Debug|Any CPU
		Release|Any CPU = Release|Any CPU
	EndGlobalSection
	GlobalSection(ProjectConfigurationPlatforms) = postSolution
		{509AAE70-A020-475A-B60F-B48F3C0AD31A}.Debug|Any CPU.ActiveCfg = Debug|Any CPU
		{509AAE70-A020-475A-B60F-B48F3C0AD31A}.Debug|Any CPU.Build.0 = Debug|Any CPU
		{509AAE70-A020-475A-B60F-B48F3C0AD31A}.Release|Any CPU.ActiveCfg = Release|Any CPU
		{509AAE70-A020-475A-B60F-B48F3C0AD31A}.Release|Any CPU.Build.0 = Release|Any CPU
		{BB99AD7C-7329-4BEE-9FC4-DF100E7CC835}.Debug|Any CPU.ActiveCfg = Debug|Any CPU
		{BB99AD7C-7329-4BEE-9FC4-DF100E7CC835}.Debug|Any CPU.Build.0 = Debug|Any CPU
		{BB99AD7C-7329-4BEE-9FC4-DF100E7CC835}.Release|Any CPU.ActiveCfg = Release|Any CPU
		{BB99AD7C-7329-4BEE-9FC4-DF100E7CC835}.Release|Any CPU.Build.0 = Release|Any CPU
		{59185009-AFD0-4E81-803B-7C8B65F3CF9B}.Debug|Any CPU.ActiveCfg = Debug|Any CPU
		{59185009-AFD0-4E81-803B-7C8B65F3CF9B}.Debug|Any CPU.Build.0 = Debug|Any CPU
		{59185009-AFD0-4E81-803B-7C8B65F3CF9B}.Release|Any CPU.ActiveCfg = Release|Any CPU
		{59185009-AFD0-4E81-803B-7C8B65F3CF9B}.Release|Any CPU.Build.0 = Release|Any CPU
		{44414689-0FEF-4350-BDCD-8937C8DA4C71}.Debug|Any CPU.ActiveCfg = Debug|Any CPU
		{44414689-0FEF-4350-BDCD-8937C8DA4C71}.Debug|Any CPU.Build.0 = Debug|Any CPU
		{44414689-0FEF-4350-BDCD-8937C8DA4C71}.Release|Any CPU.ActiveCfg = Release|Any CPU
		{44414689-0FEF-4350-BDCD-8937C8DA4C71}.Release|Any CPU.Build.0 = Release|Any CPU
		{7F532980-8BDB-4BAB-BEB0-D4405D1317A9}.Debug|Any CPU.ActiveCfg = Debug|Any CPU
		{7F532980-8BDB-4BAB-BEB0-D4405D1317A9}.Debug|Any CPU.Build.0 = Debug|Any CPU
		{7F532980-8BDB-4BAB-BEB0-D4405D1317A9}.Release|Any CPU.ActiveCfg = Release|Any CPU
		{7F532980-8BDB-4BAB-BEB0-D4405D1317A9}.Release|Any CPU.Build.0 = Release|Any CPU
	EndGlobalSection
	GlobalSection(SolutionProperties) = preSolution
		HideSolutionNode = FALSE
	EndGlobalSection
	GlobalSection(NestedProjects) = preSolution
		{2573FBC1-D630-48B3-B616-EAF14B5427A9} = {69091825-21EA-496D-8EF1-BCB47C30B2C9}
		{C1659B18-2A21-469F-AAE9-071154F7262E} = {69091825-21EA-496D-8EF1-BCB47C30B2C9}
		{509AAE70-A020-475A-B60F-B48F3C0AD31A} = {2573FBC1-D630-48B3-B616-EAF14B5427A9}
		{BB99AD7C-7329-4BEE-9FC4-DF100E7CC835} = {C1659B18-2A21-469F-AAE9-071154F7262E}
		{59185009-AFD0-4E81-803B-7C8B65F3CF9B} = {C1659B18-2A21-469F-AAE9-071154F7262E}
		{44414689-0FEF-4350-BDCD-8937C8DA4C71} = {2573FBC1-D630-48B3-B616-EAF14B5427A9}
		{7F532980-8BDB-4BAB-BEB0-D4405D1317A9} = {C1659B18-2A21-469F-AAE9-071154F7262E}
	EndGlobalSection
	GlobalSection(ExtensibilityGlobals) = postSolution
		SolutionGuid = {9C556DD5-8AF7-4341-BD49-AEEBE8A4AA04}
	EndGlobalSection
EndGlobal
